
Microsoft Visual Studio Solution File, Format Version 12.00
# Visual Studio Version 17
VisualStudioVersion = 17.4.33205.214
MinimumVisualStudioVersion = 10.0.40219.1
Project("{9A19103F-16F7-4668-BE54-9A1E7A4F7556}") = "ChatGPT_Test", "ChatGPT_Test\ChatGPT_Test.csproj", "{1E42AF10-0C87-47A6-BA88-A80DEFB5032F}"
EndProject
Project("{FAE04EC0-301F-11D3-BF4B-00C04F79EFBC}") = "ExampleChatGPTApplication", "ExampleChatGPTApplication\ExampleChatGPTApplication.csproj", "{1A65EFC2-614D-43E6-9A66-2D8AF75EDE29}"
EndProject
Global
	GlobalSection(SolutionConfigurationPlatforms) = preSolution
		Debug|Any CPU = Debug|Any CPU
		Release|Any CPU = Release|Any CPU
	EndGlobalSection
	GlobalSection(ProjectConfigurationPlatforms) = postSolution
		{1E42AF10-0C87-47A6-BA88-A80DEFB5032F}.Debug|Any CPU.ActiveCfg = Debug|Any CPU
		{1E42AF10-0C87-47A6-BA88-A80DEFB5032F}.Debug|Any CPU.Build.0 = Debug|Any CPU
		{1E42AF10-0C87-47A6-BA88-A80DEFB5032F}.Release|Any CPU.ActiveCfg = Release|Any CPU
		{1E42AF10-0C87-47A6-BA88-A80DEFB5032F}.Release|Any CPU.Build.0 = Release|Any CPU
		{1A65EFC2-614D-43E6-9A66-2D8AF75EDE29}.Debug|Any CPU.ActiveCfg = Debug|Any CPU
		{1A65EFC2-614D-43E6-9A66-2D8AF75EDE29}.Debug|Any CPU.Build.0 = Debug|Any CPU
		{1A65EFC2-614D-43E6-9A66-2D8AF75EDE29}.Release|Any CPU.ActiveCfg = Release|Any CPU
		{1A65EFC2-614D-43E6-9A66-2D8AF75EDE29}.Release|Any CPU.Build.0 = Release|Any CPU
	EndGlobalSection
	GlobalSection(SolutionProperties) = preSolution
		HideSolutionNode = FALSE
	EndGlobalSection
	GlobalSection(ExtensibilityGlobals) = postSolution
		SolutionGuid = {25E71238-EAA3-4FBE-9EBA-48CA8273E765}
	EndGlobalSection
EndGlobal
